
Microsoft Visual Studio Solution File, Format Version 12.00
# Visual Studio Version 16
VisualStudioVersion = 16.0.31019.35
MinimumVisualStudioVersion = 10.0.40219.1
Project("{FAE04EC0-301F-11D3-BF4B-00C04F79EFBC}") = "TransferDirectories", "TransferDirectories.csproj", "{44D47776-ED94-4D59-B010-6C8F6D6F749B}"
EndProject
Global
	GlobalSection(SolutionConfigurationPlatforms) = preSolution
		Debug|Any CPU = Debug|Any CPU
		Release|Any CPU = Release|Any CPU
	EndGlobalSection
	GlobalSection(ProjectConfigurationPlatforms) = postSolution
		{44D47776-ED94-4D59-B010-6C8F6D6F749B}.Debug|Any CPU.ActiveCfg = Debug|Any CPU
		{44D47776-ED94-4D59-B010-6C8F6D6F749B}.Debug|Any CPU.Build.0 = Debug|Any CPU
		{44D47776-ED94-4D59-B010-6C8F6D6F749B}.Release|Any CPU.ActiveCfg = Release|Any CPU
		{44D47776-ED94-4D59-B010-6C8F6D6F749B}.Release|Any CPU.Build.0 = Release|Any CPU
	EndGlobalSection
	GlobalSection(SolutionProperties) = preSolution
		HideSolutionNode = FALSE
	EndGlobalSection
	GlobalSection(ExtensibilityGlobals) = postSolution
		SolutionGuid = {DD590267-323F-45FA-BBA8-6AA177131C6C}
	EndGlobalSection
EndGlobal
